
Microsoft Visual Studio Solution File, Format Version 12.00
# Visual Studio 2013
VisualStudioVersion = 12.0.30723.0
MinimumVisualStudioVersion = 10.0.40219.1
Project("{FAE04EC0-301F-11D3-BF4B-00C04F79EFBC}") = "ExampleClient", "ExampleClient\ExampleClient.csproj", "{D3BADDCE-1C83-4397-B8B5-59CCE36AC5EC}"
EndProject
Project("{2150E333-8FDC-42A3-9474-1A3956D46DE8}") = "Solution Items", "Solution Items", "{C5E1893D-D030-4BAA-BD7E-A1431A32F64F}"
	ProjectSection(SolutionItems) = preProject
		README.md = README.md
	EndProjectSection
EndProject
Global
	GlobalSection(SolutionConfigurationPlatforms) = preSolution
		Debug|Any CPU = Debug|Any CPU
		Release|Any CPU = Release|Any CPU
	EndGlobalSection
	GlobalSection(ProjectConfigurationPlatforms) = postSolution
		{D3BADDCE-1C83-4397-B8B5-59CCE36AC5EC}.Debug|Any CPU.ActiveCfg = Debug|Any CPU
		{D3BADDCE-1C83-4397-B8B5-59CCE36AC5EC}.Debug|Any CPU.Build.0 = Debug|Any CPU
		{D3BADDCE-1C83-4397-B8B5-59CCE36AC5EC}.Release|Any CPU.ActiveCfg = Release|Any CPU
		{D3BADDCE-1C83-4397-B8B5-59CCE36AC5EC}.Release|Any CPU.Build.0 = Release|Any CPU
	EndGlobalSection
	GlobalSection(SolutionProperties) = preSolution
		HideSolutionNode = FALSE
	EndGlobalSection
EndGlobal
